
Microsoft Visual Studio Solution File, Format Version 12.00
# Visual Studio 2012
Project("{2150E333-8FDC-42A3-9474-1A3956D46DE8}") = "Libs", "Libs", "{27EB5063-A978-4904-AE4E-5A817EB7927B}"
EndProject
Project("{FAE04EC0-301F-11D3-BF4B-00C04F79EFBC}") = "MeshViewerDX", "Apps\MeshViewerDX\MeshViewerDX.csproj", "{786E8F2C-48AC-4C49-8A6C-116BEC719054}"
EndProject
Project("{FAE04EC0-301F-11D3-BF4B-00C04F79EFBC}") = "Meshes", "Libs\Meshes\Meshes.csproj", "{D9E486D0-7405-45A2-87ED-17799BFDD446}"
EndProject
Project("{FAE04EC0-301F-11D3-BF4B-00C04F79EFBC}") = "Meshes.Utilities", "Libs\Meshes.Utilities\Meshes.Utilities.csproj", "{335BA2B9-1234-4CD4-BEE6-68E8F0045F5C}"
EndProject
Project("{2150E333-8FDC-42A3-9474-1A3956D46DE8}") = "Apps", "Apps", "{B3F94CC0-AF65-4FA1-B175-0FF19A603249}"
EndProject
Project("{FAE04EC0-301F-11D3-BF4B-00C04F79EFBC}") = "CSparse", "Libs\CSparse.NET\CSparse.csproj", "{BD00D9BD-D669-4AEE-91B7-0105AFC994EC}"
EndProject
Project("{FAE04EC0-301F-11D3-BF4B-00C04F79EFBC}") = "MatlabWrap", "Libs\MatlabWrap\MatlabWrap.csproj", "{F85E1BAC-DD16-46DB-830C-B9BB9734B3F1}"
EndProject
Global
	GlobalSection(SolutionConfigurationPlatforms) = preSolution
		Debug|Any CPU = Debug|Any CPU
		Release|Any CPU = Release|Any CPU
	EndGlobalSection
	GlobalSection(ProjectConfigurationPlatforms) = postSolution
		{786E8F2C-48AC-4C49-8A6C-116BEC719054}.Debug|Any CPU.ActiveCfg = Debug|Any CPU
		{786E8F2C-48AC-4C49-8A6C-116BEC719054}.Debug|Any CPU.Build.0 = Debug|Any CPU
		{786E8F2C-48AC-4C49-8A6C-116BEC719054}.Release|Any CPU.ActiveCfg = Release|Any CPU
		{786E8F2C-48AC-4C49-8A6C-116BEC719054}.Release|Any CPU.Build.0 = Release|Any CPU
		{D9E486D0-7405-45A2-87ED-17799BFDD446}.Debug|Any CPU.ActiveCfg = Debug|Any CPU
		{D9E486D0-7405-45A2-87ED-17799BFDD446}.Debug|Any CPU.Build.0 = Debug|Any CPU
		{D9E486D0-7405-45A2-87ED-17799BFDD446}.Release|Any CPU.ActiveCfg = Release|Any CPU
		{D9E486D0-7405-45A2-87ED-17799BFDD446}.Release|Any CPU.Build.0 = Release|Any CPU
		{335BA2B9-1234-4CD4-BEE6-68E8F0045F5C}.Debug|Any CPU.ActiveCfg = Debug|Any CPU
		{335BA2B9-1234-4CD4-BEE6-68E8F0045F5C}.Debug|Any CPU.Build.0 = Debug|Any CPU
		{335BA2B9-1234-4CD4-BEE6-68E8F0045F5C}.Release|Any CPU.ActiveCfg = Release|Any CPU
		{335BA2B9-1234-4CD4-BEE6-68E8F0045F5C}.Release|Any CPU.Build.0 = Release|Any CPU
		{BD00D9BD-D669-4AEE-91B7-0105AFC994EC}.Debug|Any CPU.ActiveCfg = Debug|Any CPU
		{BD00D9BD-D669-4AEE-91B7-0105AFC994EC}.Debug|Any CPU.Build.0 = Debug|Any CPU
		{BD00D9BD-D669-4AEE-91B7-0105AFC994EC}.Release|Any CPU.ActiveCfg = Release|Any CPU
		{BD00D9BD-D669-4AEE-91B7-0105AFC994EC}.Release|Any CPU.Build.0 = Release|Any CPU
		{F85E1BAC-DD16-46DB-830C-B9BB9734B3F1}.Debug|Any CPU.ActiveCfg = Debug|Any CPU
		{F85E1BAC-DD16-46DB-830C-B9BB9734B3F1}.Debug|Any CPU.Build.0 = Debug|Any CPU
		{F85E1BAC-DD16-46DB-830C-B9BB9734B3F1}.Release|Any CPU.ActiveCfg = Release|Any CPU
		{F85E1BAC-DD16-46DB-830C-B9BB9734B3F1}.Release|Any CPU.Build.0 = Release|Any CPU
	EndGlobalSection
	GlobalSection(SolutionProperties) = preSolution
		HideSolutionNode = FALSE
	EndGlobalSection
	GlobalSection(NestedProjects) = preSolution
		{D9E486D0-7405-45A2-87ED-17799BFDD446} = {27EB5063-A978-4904-AE4E-5A817EB7927B}
		{335BA2B9-1234-4CD4-BEE6-68E8F0045F5C} = {27EB5063-A978-4904-AE4E-5A817EB7927B}
		{BD00D9BD-D669-4AEE-91B7-0105AFC994EC} = {27EB5063-A978-4904-AE4E-5A817EB7927B}
		{F85E1BAC-DD16-46DB-830C-B9BB9734B3F1} = {27EB5063-A978-4904-AE4E-5A817EB7927B}
		{786E8F2C-48AC-4C49-8A6C-116BEC719054} = {B3F94CC0-AF65-4FA1-B175-0FF19A603249}
	EndGlobalSection
EndGlobal
